
Microsoft Visual Studio Solution File, Format Version 12.00
# Visual Studio Version 17
VisualStudioVersion = 17.9.34728.123
MinimumVisualStudioVersion = 10.0.40219.1
Project("{FAE04EC0-301F-11D3-BF4B-00C04F79EFBC}") = "Bok og Film info", "Bok og Film info\Bok og Film info.csproj", "{FAF4F64D-037A-429E-9AE2-BB46A0D62525}"
EndProject
Global
	GlobalSection(SolutionConfigurationPlatforms) = preSolution
		Debug|Any CPU = Debug|Any CPU
		Release|Any CPU = Release|Any CPU
	EndGlobalSection
	GlobalSection(ProjectConfigurationPlatforms) = postSolution
		{FAF4F64D-037A-429E-9AE2-BB46A0D62525}.Debug|Any CPU.ActiveCfg = Debug|Any CPU
		{FAF4F64D-037A-429E-9AE2-BB46A0D62525}.Debug|Any CPU.Build.0 = Debug|Any CPU
		{FAF4F64D-037A-429E-9AE2-BB46A0D62525}.Release|Any CPU.ActiveCfg = Release|Any CPU
		{FAF4F64D-037A-429E-9AE2-BB46A0D62525}.Release|Any CPU.Build.0 = Release|Any CPU
	EndGlobalSection
	GlobalSection(SolutionProperties) = preSolution
		HideSolutionNode = FALSE
	EndGlobalSection
	GlobalSection(ExtensibilityGlobals) = postSolution
		SolutionGuid = {B2117341-80E0-4E5E-B15A-F2A1671E7968}
	EndGlobalSection
EndGlobal
